
Microsoft Visual Studio Solution File, Format Version 11.00
# Visual Studio 2010
Project("{FAE04EC0-301F-11D3-BF4B-00C04F79EFBC}") = "MWHackathonHarvester", "MWHackathonHarvester\MWHackathonHarvester.csproj", "{A9876602-D457-4373-AB3B-F9C759205D52}"
EndProject
Project("{FAE04EC0-301F-11D3-BF4B-00C04F79EFBC}") = "MWHackathon.Core", "MWHackathon.Core\MWHackathon.Core.csproj", "{4BA056AB-B796-4EB3-96FB-C8874A44471E}"
EndProject
Project("{FAE04EC0-301F-11D3-BF4B-00C04F79EFBC}") = "MWHackathonVisualizer", "MWHackathonVisualizer\MWHackathonVisualizer.csproj", "{FF3A40A3-04CC-4004-808A-D2A3F2D2F54C}"
EndProject
Global
	GlobalSection(SolutionConfigurationPlatforms) = preSolution
		Debug|Any CPU = Debug|Any CPU
		Debug|Mixed Platforms = Debug|Mixed Platforms
		Debug|x86 = Debug|x86
		Release|Any CPU = Release|Any CPU
		Release|Mixed Platforms = Release|Mixed Platforms
		Release|x86 = Release|x86
	EndGlobalSection
	GlobalSection(ProjectConfigurationPlatforms) = postSolution
		{A9876602-D457-4373-AB3B-F9C759205D52}.Debug|Any CPU.ActiveCfg = Debug|x86
		{A9876602-D457-4373-AB3B-F9C759205D52}.Debug|Mixed Platforms.ActiveCfg = Debug|x86
		{A9876602-D457-4373-AB3B-F9C759205D52}.Debug|Mixed Platforms.Build.0 = Debug|x86
		{A9876602-D457-4373-AB3B-F9C759205D52}.Debug|x86.ActiveCfg = Debug|x86
		{A9876602-D457-4373-AB3B-F9C759205D52}.Debug|x86.Build.0 = Debug|x86
		{A9876602-D457-4373-AB3B-F9C759205D52}.Release|Any CPU.ActiveCfg = Release|x86
		{A9876602-D457-4373-AB3B-F9C759205D52}.Release|Mixed Platforms.ActiveCfg = Release|x86
		{A9876602-D457-4373-AB3B-F9C759205D52}.Release|Mixed Platforms.Build.0 = Release|x86
		{A9876602-D457-4373-AB3B-F9C759205D52}.Release|x86.ActiveCfg = Release|x86
		{A9876602-D457-4373-AB3B-F9C759205D52}.Release|x86.Build.0 = Release|x86
		{4BA056AB-B796-4EB3-96FB-C8874A44471E}.Debug|Any CPU.ActiveCfg = Debug|Any CPU
		{4BA056AB-B796-4EB3-96FB-C8874A44471E}.Debug|Any CPU.Build.0 = Debug|Any CPU
		{4BA056AB-B796-4EB3-96FB-C8874A44471E}.Debug|Mixed Platforms.ActiveCfg = Debug|Any CPU
		{4BA056AB-B796-4EB3-96FB-C8874A44471E}.Debug|Mixed Platforms.Build.0 = Debug|Any CPU
		{4BA056AB-B796-4EB3-96FB-C8874A44471E}.Debug|x86.ActiveCfg = Debug|Any CPU
		{4BA056AB-B796-4EB3-96FB-C8874A44471E}.Release|Any CPU.ActiveCfg = Release|Any CPU
		{4BA056AB-B796-4EB3-96FB-C8874A44471E}.Release|Any CPU.Build.0 = Release|Any CPU
		{4BA056AB-B796-4EB3-96FB-C8874A44471E}.Release|Mixed Platforms.ActiveCfg = Release|Any CPU
		{4BA056AB-B796-4EB3-96FB-C8874A44471E}.Release|Mixed Platforms.Build.0 = Release|Any CPU
		{4BA056AB-B796-4EB3-96FB-C8874A44471E}.Release|x86.ActiveCfg = Release|Any CPU
		{FF3A40A3-04CC-4004-808A-D2A3F2D2F54C}.Debug|Any CPU.ActiveCfg = Debug|Any CPU
		{FF3A40A3-04CC-4004-808A-D2A3F2D2F54C}.Debug|Any CPU.Build.0 = Debug|Any CPU
		{FF3A40A3-04CC-4004-808A-D2A3F2D2F54C}.Debug|Mixed Platforms.ActiveCfg = Debug|Any CPU
		{FF3A40A3-04CC-4004-808A-D2A3F2D2F54C}.Debug|Mixed Platforms.Build.0 = Debug|Any CPU
		{FF3A40A3-04CC-4004-808A-D2A3F2D2F54C}.Debug|x86.ActiveCfg = Debug|Any CPU
		{FF3A40A3-04CC-4004-808A-D2A3F2D2F54C}.Release|Any CPU.ActiveCfg = Release|Any CPU
		{FF3A40A3-04CC-4004-808A-D2A3F2D2F54C}.Release|Any CPU.Build.0 = Release|Any CPU
		{FF3A40A3-04CC-4004-808A-D2A3F2D2F54C}.Release|Mixed Platforms.ActiveCfg = Release|Any CPU
		{FF3A40A3-04CC-4004-808A-D2A3F2D2F54C}.Release|Mixed Platforms.Build.0 = Release|Any CPU
		{FF3A40A3-04CC-4004-808A-D2A3F2D2F54C}.Release|x86.ActiveCfg = Release|Any CPU
	EndGlobalSection
	GlobalSection(SolutionProperties) = preSolution
		HideSolutionNode = FALSE
	EndGlobalSection
EndGlobal
